
Microsoft Visual Studio Solution File, Format Version 12.00
# Visual Studio Version 17
VisualStudioVersion = 17.3.32901.215
MinimumVisualStudioVersion = 10.0.40219.1
Project("{9A19103F-16F7-4668-BE54-9A1E7A4F7556}") = "7.5-SchetsEditorC", "7.5-SchetsEditorC.csproj", "{72AA0256-AA13-4268-91FD-BA1D59BE1A27}"
EndProject
Global
	GlobalSection(SolutionConfigurationPlatforms) = preSolution
		Debug|Any CPU = Debug|Any CPU
		Release|Any CPU = Release|Any CPU
	EndGlobalSection
	GlobalSection(ProjectConfigurationPlatforms) = postSolution
		{72AA0256-AA13-4268-91FD-BA1D59BE1A27}.Debug|Any CPU.ActiveCfg = Debug|Any CPU
		{72AA0256-AA13-4268-91FD-BA1D59BE1A27}.Debug|Any CPU.Build.0 = Debug|Any CPU
		{72AA0256-AA13-4268-91FD-BA1D59BE1A27}.Release|Any CPU.ActiveCfg = Release|Any CPU
		{72AA0256-AA13-4268-91FD-BA1D59BE1A27}.Release|Any CPU.Build.0 = Release|Any CPU
	EndGlobalSection
	GlobalSection(SolutionProperties) = preSolution
		HideSolutionNode = FALSE
	EndGlobalSection
	GlobalSection(ExtensibilityGlobals) = postSolution
		SolutionGuid = {7B4B6168-B64C-4986-B739-ADF68F629D99}
	EndGlobalSection
EndGlobal
